
Microsoft Visual Studio Solution File, Format Version 12.00
# Visual Studio Version 16
VisualStudioVersion = 16.0.32106.194
MinimumVisualStudioVersion = 10.0.40219.1
Project("{FAE04EC0-301F-11D3-BF4B-00C04F79EFBC}") = "3ve5eBolunmeOrnek", "3ve5eBolunmeOrnek\3ve5eBolunmeOrnek.csproj", "{47A48732-1F5A-41E0-8162-8FBC578AC2FA}"
EndProject
Global
	GlobalSection(SolutionConfigurationPlatforms) = preSolution
		Debug|Any CPU = Debug|Any CPU
		Release|Any CPU = Release|Any CPU
	EndGlobalSection
	GlobalSection(ProjectConfigurationPlatforms) = postSolution
		{47A48732-1F5A-41E0-8162-8FBC578AC2FA}.Debug|Any CPU.ActiveCfg = Debug|Any CPU
		{47A48732-1F5A-41E0-8162-8FBC578AC2FA}.Debug|Any CPU.Build.0 = Debug|Any CPU
		{47A48732-1F5A-41E0-8162-8FBC578AC2FA}.Release|Any CPU.ActiveCfg = Release|Any CPU
		{47A48732-1F5A-41E0-8162-8FBC578AC2FA}.Release|Any CPU.Build.0 = Release|Any CPU
	EndGlobalSection
	GlobalSection(SolutionProperties) = preSolution
		HideSolutionNode = FALSE
	EndGlobalSection
	GlobalSection(ExtensibilityGlobals) = postSolution
		SolutionGuid = {F6C73E3D-1D03-438F-AAFC-344D55A586E5}
	EndGlobalSection
EndGlobal
